
Microsoft Visual Studio Solution File, Format Version 12.00
# Visual Studio Version 16
VisualStudioVersion = 16.0.33529.622
MinimumVisualStudioVersion = 10.0.40219.1
Project("{FAE04EC0-301F-11D3-BF4B-00C04F79EFBC}") = "EcommerceCCO2023", "EcommerceCCO2023\EcommerceCCO2023.csproj", "{5CFC5A8B-AF5B-41EB-AC97-027147876D85}"
EndProject
Global
	GlobalSection(SolutionConfigurationPlatforms) = preSolution
		Debug|Any CPU = Debug|Any CPU
		Release|Any CPU = Release|Any CPU
	EndGlobalSection
	GlobalSection(ProjectConfigurationPlatforms) = postSolution
		{5CFC5A8B-AF5B-41EB-AC97-027147876D85}.Debug|Any CPU.ActiveCfg = Debug|Any CPU
		{5CFC5A8B-AF5B-41EB-AC97-027147876D85}.Debug|Any CPU.Build.0 = Debug|Any CPU
		{5CFC5A8B-AF5B-41EB-AC97-027147876D85}.Release|Any CPU.ActiveCfg = Release|Any CPU
		{5CFC5A8B-AF5B-41EB-AC97-027147876D85}.Release|Any CPU.Build.0 = Release|Any CPU
	EndGlobalSection
	GlobalSection(SolutionProperties) = preSolution
		HideSolutionNode = FALSE
	EndGlobalSection
	GlobalSection(ExtensibilityGlobals) = postSolution
		SolutionGuid = {983B195F-A007-47A4-9855-22DE1BE9DD68}
	EndGlobalSection
EndGlobal
